
Microsoft Visual Studio Solution File, Format Version 12.00
# Visual Studio Version 17
VisualStudioVersion = 17.0.31903.59
MinimumVisualStudioVersion = 10.0.40219.1
Project("{FAE04EC0-301F-11D3-BF4B-00C04F79EFBC}") = "BlinkStickLinux", "BlinkStickLinux\BlinkStickLinux.csproj", "{19B42E5A-AEA6-4154-A1EA-476025EC827C}"
EndProject
Project("{FAE04EC0-301F-11D3-BF4B-00C04F79EFBC}") = "BlinkStickCLI", "BlinkStickCLI\BlinkStickCLI.csproj", "{BAB3D9CF-25F5-48DE-80F8-F1E553365A9D}"
EndProject
Project("{FAE04EC0-301F-11D3-BF4B-00C04F79EFBC}") = "BlinkStickNETCore", "BlinkStickNETCore\BlinkStickNETCore.csproj", "{D65D843D-F0F9-4B82-B48C-F18509565065}"
EndProject
Project("{FAE04EC0-301F-11D3-BF4B-00C04F79EFBC}") = "Effects", "Effects\Effects.csproj", "{AC972294-9691-43B9-A6A3-E1E642EDF6C0}"
EndProject
Global
	GlobalSection(SolutionConfigurationPlatforms) = preSolution
		Debug|Any CPU = Debug|Any CPU
		Release|Any CPU = Release|Any CPU
	EndGlobalSection
	GlobalSection(SolutionProperties) = preSolution
		HideSolutionNode = FALSE
	EndGlobalSection
	GlobalSection(ProjectConfigurationPlatforms) = postSolution
		{19B42E5A-AEA6-4154-A1EA-476025EC827C}.Debug|Any CPU.ActiveCfg = Debug|Any CPU
		{19B42E5A-AEA6-4154-A1EA-476025EC827C}.Debug|Any CPU.Build.0 = Debug|Any CPU
		{19B42E5A-AEA6-4154-A1EA-476025EC827C}.Release|Any CPU.ActiveCfg = Release|Any CPU
		{19B42E5A-AEA6-4154-A1EA-476025EC827C}.Release|Any CPU.Build.0 = Release|Any CPU
		{BAB3D9CF-25F5-48DE-80F8-F1E553365A9D}.Debug|Any CPU.ActiveCfg = Debug|Any CPU
		{BAB3D9CF-25F5-48DE-80F8-F1E553365A9D}.Debug|Any CPU.Build.0 = Debug|Any CPU
		{BAB3D9CF-25F5-48DE-80F8-F1E553365A9D}.Release|Any CPU.ActiveCfg = Release|Any CPU
		{BAB3D9CF-25F5-48DE-80F8-F1E553365A9D}.Release|Any CPU.Build.0 = Release|Any CPU
		{D65D843D-F0F9-4B82-B48C-F18509565065}.Debug|Any CPU.ActiveCfg = Debug|Any CPU
		{D65D843D-F0F9-4B82-B48C-F18509565065}.Debug|Any CPU.Build.0 = Debug|Any CPU
		{D65D843D-F0F9-4B82-B48C-F18509565065}.Release|Any CPU.ActiveCfg = Release|Any CPU
		{D65D843D-F0F9-4B82-B48C-F18509565065}.Release|Any CPU.Build.0 = Release|Any CPU
		{AC972294-9691-43B9-A6A3-E1E642EDF6C0}.Debug|Any CPU.ActiveCfg = Debug|Any CPU
		{AC972294-9691-43B9-A6A3-E1E642EDF6C0}.Debug|Any CPU.Build.0 = Debug|Any CPU
		{AC972294-9691-43B9-A6A3-E1E642EDF6C0}.Release|Any CPU.ActiveCfg = Release|Any CPU
		{AC972294-9691-43B9-A6A3-E1E642EDF6C0}.Release|Any CPU.Build.0 = Release|Any CPU
	EndGlobalSection
EndGlobal
